// !$*UTF8*$!
{
	archiveVersion = 1;
	classes = {
	};
	objectVersion = 46;
	objects = {

/* Begin PBXBuildFile section */
		98E1E43B1E70FD0F00F07C99 /* main.m in Sources */ = {isa = PBXBuildFile; fileRef = 98E1E43A1E70FD0F00F07C99 /* main.m */; };
		98E1E43E1E70FD0F00F07C99 /* AppDelegate.m in Sources */ = {isa = PBXBuildFile; fileRef = 98E1E43D1E70FD0F00F07C99 /* AppDelegate.m */; };
		98E1E4411E70FD0F00F07C99 /* ViewController.m in Sources */ = {isa = PBXBuildFile; fileRef = 98E1E4401E70FD0F00F07C99 /* ViewController.m */; };
		98E1E4441E70FD1000F07C99 /* Main.storyboard in Resources */ = {isa = PBXBuildFile; fileRef = 98E1E4421E70FD1000F07C99 /* Main.storyboard */; };
		98E1E4461E70FD1000F07C99 /* Assets.xcassets in Resources */ = {isa = PBXBuildFile; fileRef = 98E1E4451E70FD1000F07C99 /* Assets.xcassets */; };
		98E1E4491E70FD1000F07C99 /* LaunchScreen.storyboard in Resources */ = {isa = PBXBuildFile; fileRef = 98E1E4471E70FD1000F07C99 /* LaunchScreen.storyboard */; };
		98E1E4541E70FD1000F07C99 /* TableViewHeaderEnlardeTests.m in Sources */ = {isa = PBXBuildFile; fileRef = 98E1E4531E70FD1000F07C99 /* TableViewHeaderEnlardeTests.m */; };
		98E1E45F1E70FD1000F07C99 /* TableViewHeaderEnlardeUITests.m in Sources */ = {isa = PBXBuildFile; fileRef = 98E1E45E1E70FD1000F07C99 /* TableViewHeaderEnlardeUITests.m */; };
		98E1E46E1E70FD7800F07C99 /* enlargeHeaderTableView.m in Sources */ = {isa = PBXBuildFile; fileRef = 98E1E46D1E70FD7800F07C99 /* enlargeHeaderTableView.m */; };
		98E1E4721E71024A00F07C99 /* 路飞.png in Resources */ = {isa = PBXBuildFile; fileRef = 98E1E4711E71024A00F07C99 /* 路飞.png */; };
/* End PBXBuildFile section */

/* Begin PBXContainerItemProxy section */
		98E1E4501E70FD1000F07C99 /* PBXContainerItemProxy */ = {
			isa = PBXContainerItemProxy;
			containerPortal = 98E1E42E1E70FD0F00F07C99 /* Project object */;
			proxyType = 1;
			remoteGlobalIDString = 98E1E4351E70FD0F00F07C99;
			remoteInfo = TableViewHeaderEnlarde;
		};
		98E1E45B1E70FD1000F07C99 /* PBXContainerItemProxy */ = {
			isa = PBXContainerItemProxy;
			containerPortal = 98E1E42E1E70FD0F00F07C99 /* Project object */;
			proxyType = 1;
			remoteGlobalIDString = 98E1E4351E70FD0F00F07C99;
			remoteInfo = TableViewHeaderEnlarde;
		};
/* End PBXContainerItemProxy section */

/* Begin PBXFileReference section */
		98E1E4361E70FD0F00F07C99 /* TableViewHeaderEnlarde.app */ = {isa = PBXFileReference; explicitFileType = wrapper.application; includeInIndex = 0; path = TableViewHeaderEnlarde.app; sourceTree = BUILT_PRODUCTS_DIR; };
		98E1E43A1E70FD0F00F07C99 /* main.m */ = {isa = PBXFileReference; lastKnownFileType = sourcecode.c.objc; path = main.m; sourceTree = "<group>"; };
		98E1E43C1E70FD0F00F07C99 /* AppDelegate.h */ = {isa = PBXFileReference; lastKnownFileType = sourcecode.c.h; path = AppDelegate.h; sourceTree = "<group>"; };
		98E1E43D1E70FD0F00F07C99 /* AppDelegate.m */ = {isa = PBXFileReference; lastKnownFileType = sourcecode.c.objc; path = AppDelegate.m; sourceTree = "<group>"; };
		98E1E43F1E70FD0F00F07C99 /* ViewController.h */ = {isa = PBXFileReference; lastKnownFileType = sourcecode.c.h; path = ViewController.h; sourceTree = "<group>"; };
		98E1E4401E70FD0F00F07C99 /* ViewController.m */ = {isa = PBXFileReference; lastKnownFileType = sourcecode.c.objc; path = ViewController.m; sourceTree = "<group>"; };
		98E1E4431E70FD1000F07C99 /* Base */ = {isa = PBXFileReference; lastKnownFileType = file.storyboard; name = Base; path = Base.lproj/Main.storyboard; sourceTree = "<group>"; };
		98E1E4451E70FD1000F07C99 /* Assets.xcassets */ = {isa = PBXFileReference; lastKnownFileType = folder.assetcatalog; path = Assets.xcassets; sourceTree = "<group>"; };
		98E1E4481E70FD1000F07C99 /* Base */ = {isa = PBXFileReference; lastKnownFileType = file.storyboard; name = Base; path = Base.lproj/LaunchScreen.storyboard; sourceTree = "<group>"; };
		98E1E44A1E70FD1000F07C99 /* Info.plist */ = {isa = PBXFileReference; lastKnownFileType = text.plist.xml; path = Info.plist; sourceTree = "<group>"; };
		98E1E44F1E70FD1000F07C99 /* TableViewHeaderEnlardeTests.xctest */ = {isa = PBXFileReference; explicitFileType = wrapper.cfbundle; includeInIndex = 0; path = TableViewHeaderEnlardeTests.xctest; sourceTree = BUILT_PRODUCTS_DIR; };
		98E1E4531E70FD1000F07C99 /* TableViewHeaderEnlardeTests.m */ = {isa = PBXFileReference; lastKnownFileType = sourcecode.c.objc; path = TableViewHeaderEnlardeTests.m; sourceTree = "<group>"; };
		98E1E4551E70FD1000F07C99 /* Info.plist */ = {isa = PBXFileReference; lastKnownFileType = text.plist.xml; path = Info.plist; sourceTree = "<group>"; };
		98E1E45A1E70FD1000F07C99 /* TableViewHeaderEnlardeUITests.xctest */ = {isa = PBXFileReference; explicitFileType = wrapper.cfbundle; includeInIndex = 0; path = TableViewHeaderEnlardeUITests.xctest; sourceTree = BUILT_PRODUCTS_DIR; };
		98E1E45E1E70FD1000F07C99 /* TableViewHeaderEnlardeUITests.m */ = {isa = PBXFileReference; lastKnownFileType = sourcecode.c.objc; path = TableViewHeaderEnlardeUITests.m; sourceTree = "<group>"; };
		98E1E4601E70FD1000F07C99 /* Info.plist */ = {isa = PBXFileReference; lastKnownFileType = text.plist.xml; path = Info.plist; sourceTree = "<group>"; };
		98E1E46C1E70FD7800F07C99 /* enlargeHeaderTableView.h */ = {isa = PBXFileReference; fileEncoding = 4; lastKnownFileType = sourcecode.c.h; path = enlargeHeaderTableView.h; sourceTree = "<group>"; };
		98E1E46D1E70FD7800F07C99 /* enlargeHeaderTableView.m */ = {isa = PBXFileReference; fileEncoding = 4; lastKnownFileType = sourcecode.c.objc; path = enlargeHeaderTableView.m; sourceTree = "<group>"; };
		98E1E4711E71024A00F07C99 /* 路飞.png */ = {isa = PBXFileReference; lastKnownFileType = image.png; path = "路飞.png"; sourceTree = "<group>"; };
/* End PBXFileReference section */

/* Begin PBXFrameworksBuildPhase section */
		98E1E4331E70FD0F00F07C99 /* Frameworks */ = {
			isa = PBXFrameworksBuildPhase;
			buildActionMask = 2147483647;
			files = (
			);
			runOnlyForDeploymentPostprocessing = 0;
		};
		98E1E44C1E70FD1000F07C99 /* Frameworks */ = {
			isa = PBXFrameworksBuildPhase;
			buildActionMask = 2147483647;
			files = (
			);
			runOnlyForDeploymentPostprocessing = 0;
		};
		98E1E4571E70FD1000F07C99 /* Frameworks */ = {
			isa = PBXFrameworksBuildPhase;
			buildActionMask = 2147483647;
			files = (
			);
			runOnlyForDeploymentPostprocessing = 0;
		};
/* End PBXFrameworksBuildPhase section */

/* Begin PBXGroup section */
		98E1E42D1E70FD0F00F07C99 = {
			isa = PBXGroup;
			children = (
				98E1E4381E70FD0F00F07C99 /* TableViewHeaderEnlarde */,
				98E1E4521E70FD1000F07C99 /* TableViewHeaderEnlardeTests */,
				98E1E45D1E70FD1000F07C99 /* TableViewHeaderEnlardeUITests */,
				98E1E4371E70FD0F00F07C99 /* Products */,
			);
			sourceTree = "<group>";
		};
		98E1E4371E70FD0F00F07C99 /* Products */ = {
			isa = PBXGroup;
			children = (
				98E1E4361E70FD0F00F07C99 /* TableViewHeaderEnlarde.app */,
				98E1E44F1E70FD1000F07C99 /* TableViewHeaderEnlardeTests.xctest */,
				98E1E45A1E70FD1000F07C99 /* TableViewHeaderEnlardeUITests.xctest */,
			);
			name = Products;
			sourceTree = "<group>";
		};
		98E1E4381E70FD0F00F07C99 /* TableViewHeaderEnlarde */ = {
			isa = PBXGroup;
			children = (
				98E1E4711E71024A00F07C99 /* 路飞.png */,
				98E1E43C1E70FD0F00F07C99 /* AppDelegate.h */,
				98E1E43D1E70FD0F00F07C99 /* AppDelegate.m */,
				98E1E46C1E70FD7800F07C99 /* enlargeHeaderTableView.h */,
				98E1E46D1E70FD7800F07C99 /* enlargeHeaderTableView.m */,
				98E1E43F1E70FD0F00F07C99 /* ViewController.h */,
				98E1E4401E70FD0F00F07C99 /* ViewController.m */,
				98E1E4421E70FD1000F07C99 /* Main.storyboard */,
				98E1E4451E70FD1000F07C99 /* Assets.xcassets */,
				98E1E4471E70FD1000F07C99 /* LaunchScreen.storyboard */,
				98E1E44A1E70FD1000F07C99 /* Info.plist */,
				98E1E4391E70FD0F00F07C99 /* Supporting Files */,
			);
			path = TableViewHeaderEnlarde;
			sourceTree = "<group>";
		};
		98E1E4391E70FD0F00F07C99 /* Supporting Files */ = {
			isa = PBXGroup;
			children = (
				98E1E43A1E70FD0F00F07C99 /* main.m */,
			);
			name = "Supporting Files";
			sourceTree = "<group>";
		};
		98E1E4521E70FD1000F07C99 /* TableViewHeaderEnlardeTests */ = {
			isa = PBXGroup;
			children = (
				98E1E4531E70FD1000F07C99 /* TableViewHeaderEnlardeTests.m */,
				98E1E4551E70FD1000F07C99 /* Info.plist */,
			);
			path = TableViewHeaderEnlardeTests;
			sourceTree = "<group>";
		};
		98E1E45D1E70FD1000F07C99 /* TableViewHeaderEnlardeUITests */ = {
			isa = PBXGroup;
			children = (
				98E1E45E1E70FD1000F07C99 /* TableViewHeaderEnlardeUITests.m */,
				98E1E4601E70FD1000F07C99 /* Info.plist */,
			);
			path = TableViewHeaderEnlardeUITests;
			sourceTree = "<group>";
		};
/* End PBXGroup section */

/* Begin PBXNativeTarget section */
		98E1E4351E70FD0F00F07C99 /* TableViewHeaderEnlarde */ = {
			isa = PBXNativeTarget;
			buildConfigurationList = 98E1E4631E70FD1000F07C99 /* Build configuration list for PBXNativeTarget "TableViewHeaderEnlarde" */;
			buildPhases = (
				98E1E4321E70FD0F00F07C99 /* Sources */,
				98E1E4331E70FD0F00F07C99 /* Frameworks */,
				98E1E4341E70FD0F00F07C99 /* Resources */,
			);
			buildRules = (
			);
			dependencies = (
			);
			name = TableViewHeaderEnlarde;
			productName = TableViewHeaderEnlarde;
			productReference = 98E1E4361E70FD0F00F07C99 /* TableViewHeaderEnlarde.app */;
			productType = "com.apple.product-type.application";
		};
		98E1E44E1E70FD1000F07C99 /* TableViewHeaderEnlardeTests */ = {
			isa = PBXNativeTarget;
			buildConfigurationList = 98E1E4661E70FD1000F07C99 /* Build configuration list for PBXNativeTarget "TableViewHeaderEnlardeTests" */;
			buildPhases = (
				98E1E44B1E70FD1000F07C99 /* Sources */,
				98E1E44C1E70FD1000F07C99 /* Frameworks */,
				98E1E44D1E70FD1000F07C99 /* Resources */,
			);
			buildRules = (
			);
			dependencies = (
				98E1E4511E70FD1000F07C99 /* PBXTargetDependency */,
			);
			name = TableViewHeaderEnlardeTests;
			productName = TableViewHeaderEnlardeTests;
			productReference = 98E1E44F1E70FD1000F07C99 /* TableViewHeaderEnlardeTests.xctest */;
			productType = "com.apple.product-type.bundle.unit-test";
		};
		98E1E4591E70FD1000F07C99 /* TableViewHeaderEnlardeUITests */ = {
			isa = PBXNativeTarget;
			buildConfigurationList = 98E1E4691E70FD1000F07C99 /* Build configuration list for PBXNativeTarget "TableViewHeaderEnlardeUITests" */;
			buildPhases = (
				98E1E4561E70FD1000F07C99 /* Sources */,
				98E1E4571E70FD1000F07C99 /* Frameworks */,
				98E1E4581E70FD1000F07C99 /* Resources */,
			);
			buildRules = (
			);
			dependencies = (
				98E1E45C1E70FD1000F07C99 /* PBXTargetDependency */,
			);
			name = TableViewHeaderEnlardeUITests;
			productName = TableViewHeaderEnlardeUITests;
			productReference = 98E1E45A1E70FD1000F07C99 /* TableViewHeaderEnlardeUITests.xctest */;
			productType = "com.apple.product-type.bundle.ui-testing";
		};
/* End PBXNativeTarget section */

/* Begin PBXProject section */
		98E1E42E1E70FD0F00F07C99 /* Project object */ = {
			isa = PBXProject;
			attributes = {
				LastUpgradeCheck = 0820;
				ORGANIZATIONNAME = ida;
				TargetAttributes = {
					98E1E4351E70FD0F00F07C99 = {
						CreatedOnToolsVersion = 8.2.1;
						ProvisioningStyle = Automatic;
					};
					98E1E44E1E70FD1000F07C99 = {
						CreatedOnToolsVersion = 8.2.1;
						ProvisioningStyle = Automatic;
						TestTargetID = 98E1E4351E70FD0F00F07C99;
					};
					98E1E4591E70FD1000F07C99 = {
						CreatedOnToolsVersion = 8.2.1;
						ProvisioningStyle = Automatic;
						TestTargetID = 98E1E4351E70FD0F00F07C99;
					};
				};
			};
			buildConfigurationList = 98E1E4311E70FD0F00F07C99 /* Build configuration list for PBXProject "TableViewHeaderEnlarde" */;
			compatibilityVersion = "Xcode 3.2";
			developmentRegion = English;
			hasScannedForEncodings = 0;
			knownRegions = (
				en,
				Base,
			);
			mainGroup = 98E1E42D1E70FD0F00F07C99;
			productRefGroup = 98E1E4371E70FD0F00F07C99 /* Products */;
			projectDirPath = "";
			projectRoot = "";
			targets = (
				98E1E4351E70FD0F00F07C99 /* TableViewHeaderEnlarde */,
				98E1E44E1E70FD1000F07C99 /* TableViewHeaderEnlardeTests */,
				98E1E4591E70FD1000F07C99 /* TableViewHeaderEnlardeUITests */,
			);
		};
/* End PBXProject section */

/* Begin PBXResourcesBuildPhase section */
		98E1E4341E70FD0F00F07C99 /* Resources */ = {
			isa = PBXResourcesBuildPhase;
			buildActionMask = 2147483647;
			files = (
				98E1E4491E70FD1000F07C99 /* LaunchScreen.storyboard in Resources */,
				98E1E4461E70FD1000F07C99 /* Assets.xcassets in Resources */,
				98E1E4721E71024A00F07C99 /* 路飞.png in Resources */,
				98E1E4441E70FD1000F07C99 /* Main.storyboard in Resources */,
			);
			runOnlyForDeploymentPostprocessing = 0;
		};
		98E1E44D1E70FD1000F07C99 /* Resources */ = {
			isa = PBXResourcesBuildPhase;
			buildActionMask = 2147483647;
			files = (
			);
			runOnlyForDeploymentPostprocessing = 0;
		};
		98E1E4581E70FD1000F07C99 /* Resources */ = {
			isa = PBXResourcesBuildPhase;
			buildActionMask = 2147483647;
			files = (
			);
			runOnlyForDeploymentPostprocessing = 0;
		};
/* End PBXResourcesBuildPhase section */

/* Begin PBXSourcesBuildPhase section */
		98E1E4321E70FD0F00F07C99 /* Sources */ = {
			isa = PBXSourcesBuildPhase;
			buildActionMask = 2147483647;
			files = (
				98E1E4411E70FD0F00F07C99 /* ViewController.m in Sources */,
				98E1E46E1E70FD7800F07C99 /* enlargeHeaderTableView.m in Sources */,
				98E1E43E1E70FD0F00F07C99 /* AppDelegate.m in Sources */,
				98E1E43B1E70FD0F00F07C99 /* main.m in Sources */,
			);
			runOnlyForDeploymentPostprocessing = 0;
		};
		98E1E44B1E70FD1000F07C99 /* Sources */ = {
			isa = PBXSourcesBuildPhase;
			buildActionMask = 2147483647;
			files = (
				98E1E4541E70FD1000F07C99 /* TableViewHeaderEnlardeTests.m in Sources */,
			);
			runOnlyForDeploymentPostprocessing = 0;
		};
		98E1E4561E70FD1000F07C99 /* Sources */ = {
			isa = PBXSourcesBuildPhase;
			buildActionMask = 2147483647;
			files = (
				98E1E45F1E70FD1000F07C99 /* TableViewHeaderEnlardeUITests.m in Sources */,
			);
			runOnlyForDeploymentPostprocessing = 0;
		};
/* End PBXSourcesBuildPhase section */

/* Begin PBXTargetDependency section */
		98E1E4511E70FD1000F07C99 /* PBXTargetDependency */ = {
			isa = PBXTargetDependency;
			target = 98E1E4351E70FD0F00F07C99 /* TableViewHeaderEnlarde */;
			targetProxy = 98E1E4501E70FD1000F07C99 /* PBXContainerItemProxy */;
		};
		98E1E45C1E70FD1000F07C99 /* PBXTargetDependency */ = {
			isa = PBXTargetDependency;
			target = 98E1E4351E70FD0F00F07C99 /* TableViewHeaderEnlarde */;
			targetProxy = 98E1E45B1E70FD1000F07C99 /* PBXContainerItemProxy */;
		};
/* End PBXTargetDependency section */

/* Begin PBXVariantGroup section */
		98E1E4421E70FD1000F07C99 /* Main.storyboard */ = {
			isa = PBXVariantGroup;
			children = (
				98E1E4431E70FD1000F07C99 /* Base */,
			);
			name = Main.storyboard;
			sourceTree = "<group>";
		};
		98E1E4471E70FD1000F07C99 /* LaunchScreen.storyboard */ = {
			isa = PBXVariantGroup;
			children = (
				98E1E4481E70FD1000F07C99 /* Base */,
			);
			name = LaunchScreen.storyboard;
			sourceTree = "<group>";
		};
/* End PBXVariantGroup section */

/* Begin XCBuildConfiguration section */
		98E1E4611E70FD1000F07C99 /* Debug */ = {
			isa = XCBuildConfiguration;
			buildSettings = {
				ALWAYS_SEARCH_USER_PATHS = NO;
				CLANG_ANALYZER_NONNULL = YES;
				CLANG_CXX_LANGUAGE_STANDARD = "gnu++0x";
				CLANG_CXX_LIBRARY = "libc++";
				CLANG_ENABLE_MODULES = YES;
				CLANG_ENABLE_OBJC_ARC = YES;
				CLANG_WARN_BOOL_CONVERSION = YES;
				CLANG_WARN_CONSTANT_CONVERSION = YES;
				CLANG_WARN_DIRECT_OBJC_ISA_USAGE = YES_ERROR;
				CLANG_WARN_DOCUMENTATION_COMMENTS = YES;
				CLANG_WARN_EMPTY_BODY = YES;
				CLANG_WARN_ENUM_CONVERSION = YES;
				CLANG_WARN_INFINITE_RECURSION = YES;
				CLANG_WARN_INT_CONVERSION = YES;
				CLANG_WARN_OBJC_ROOT_CLASS = YES_ERROR;
				CLANG_WARN_SUSPICIOUS_MOVE = YES;
				CLANG_WARN_UNREACHABLE_CODE = YES;
				CLANG_WARN__DUPLICATE_METHOD_MATCH = YES;
				"CODE_SIGN_IDENTITY[sdk=iphoneos*]" = "iPhone Developer";
				COPY_PHASE_STRIP = NO;
				DEBUG_INFORMATION_FORMAT = dwarf;
				ENABLE_STRICT_OBJC_MSGSEND = YES;
				ENABLE_TESTABILITY = YES;
				GCC_C_LANGUAGE_STANDARD = gnu99;
				GCC_DYNAMIC_NO_PIC = NO;
				GCC_NO_COMMON_BLOCKS = YES;
				GCC_OPTIMIZATION_LEVEL = 0;
				GCC_PREPROCESSOR_DEFINITIONS = (
					"DEBUG=1",
					"$(inherited)",
				);
				GCC_WARN_64_TO_32_BIT_CONVERSION = YES;
				GCC_WARN_ABOUT_RETURN_TYPE = YES_ERROR;
				GCC_WARN_UNDECLARED_SELECTOR = YES;
				GCC_WARN_UNINITIALIZED_AUTOS = YES_AGGRESSIVE;
				GCC_WARN_UNUSED_FUNCTION = YES;
				GCC_WARN_UNUSED_VARIABLE = YES;
				IPHONEOS_DEPLOYMENT_TARGET = 10.2;
				MTL_ENABLE_DEBUG_INFO = YES;
				ONLY_ACTIVE_ARCH = YES;
				SDKROOT = iphoneos;
			};
			name = Debug;
		};
		98E1E4621E70FD1000F07C99 /* Release */ = {
			isa = XCBuildConfiguration;
			buildSettings = {
				ALWAYS_SEARCH_USER_PATHS = NO;
				CLANG_ANALYZER_NONNULL = YES;
				CLANG_CXX_LANGUAGE_STANDARD = "gnu++0x";
				CLANG_CXX_LIBRARY = "libc++";
				CLANG_ENABLE_MODULES = YES;
				CLANG_ENABLE_OBJC_ARC = YES;
				CLANG_WARN_BOOL_CONVERSION = YES;
				CLANG_WARN_CONSTANT_CONVERSION = YES;
				CLANG_WARN_DIRECT_OBJC_ISA_USAGE = YES_ERROR;
				CLANG_WARN_DOCUMENTATION_COMMENTS = YES;
				CLANG_WARN_EMPTY_BODY = YES;
				CLANG_WARN_ENUM_CONVERSION = YES;
				CLANG_WARN_INFINITE_RECURSION = YES;
				CLANG_WARN_INT_CONVERSION = YES;
				CLANG_WARN_OBJC_ROOT_CLASS = YES_ERROR;
				CLANG_WARN_SUSPICIOUS_MOVE = YES;
				CLANG_WARN_UNREACHABLE_CODE = YES;
				CLANG_WARN__DUPLICATE_METHOD_MATCH = YES;
				"CODE_SIGN_IDENTITY[sdk=iphoneos*]" = "iPhone Developer";
				COPY_PHASE_STRIP = NO;
				DEBUG_INFORMATION_FORMAT = "dwarf-with-dsym";
				ENABLE_NS_ASSERTIONS = NO;
				ENABLE_STRICT_OBJC_MSGSEND = YES;
				GCC_C_LANGUAGE_STANDARD = gnu99;
				GCC_NO_COMMON_BLOCKS = YES;
				GCC_WARN_64_TO_32_BIT_CONVERSION = YES;
				GCC_WARN_ABOUT_RETURN_TYPE = YES_ERROR;
				GCC_WARN_UNDECLARED_SELECTOR = YES;
				GCC_WARN_UNINITIALIZED_AUTOS = YES_AGGRESSIVE;
				GCC_WARN_UNUSED_FUNCTION = YES;
				GCC_WARN_UNUSED_VARIABLE = YES;
				IPHONEOS_DEPLOYMENT_TARGET = 10.2;
				MTL_ENABLE_DEBUG_INFO = NO;
				SDKROOT = iphoneos;
				VALIDATE_PRODUCT = YES;
			};
			name = Release;
		};
		98E1E4641E70FD1000F07C99 /* Debug */ = {
			isa = XCBuildConfiguration;
			buildSettings = {
				ASSETCATALOG_COMPILER_APPICON_NAME = AppIcon;
				INFOPLIST_FILE = TableViewHeaderEnlarde/Info.plist;
				LD_RUNPATH_SEARCH_PATHS = "$(inherited) @executable_path/Frameworks";
				PRODUCT_BUNDLE_IDENTIFIER = TSX.TableViewHeaderEnlarde;
				PRODUCT_NAME = "$(TARGET_NAME)";
			};
			name = Debug;
		};
		98E1E4651E70FD1000F07C99 /* Release */ = {
			isa = XCBuildConfiguration;
			buildSettings = {
				ASSETCATALOG_COMPILER_APPICON_NAME = AppIcon;
				INFOPLIST_FILE = TableViewHeaderEnlarde/Info.plist;
				LD_RUNPATH_SEARCH_PATHS = "$(inherited) @executable_path/Frameworks";
				PRODUCT_BUNDLE_IDENTIFIER = TSX.TableViewHeaderEnlarde;
				PRODUCT_NAME = "$(TARGET_NAME)";
			};
			name = Release;
		};
		98E1E4671E70FD1000F07C99 /* Debug */ = {
			isa = XCBuildConfiguration;
			buildSettings = {
				BUNDLE_LOADER = "$(TEST_HOST)";
				INFOPLIST_FILE = TableViewHeaderEnlardeTests/Info.plist;
				LD_RUNPATH_SEARCH_PATHS = "$(inherited) @executable_path/Frameworks @loader_path/Frameworks";
				PRODUCT_BUNDLE_IDENTIFIER = TSX.TableViewHeaderEnlardeTests;
				PRODUCT_NAME = "$(TARGET_NAME)";
				TEST_HOST = "$(BUILT_PRODUCTS_DIR)/TableViewHeaderEnlarde.app/TableViewHeaderEnlarde";
			};
			name = Debug;
		};
		98E1E4681E70FD1000F07C99 /* Release */ = {
			isa = XCBuildConfiguration;
			buildSettings = {
				BUNDLE_LOADER = "$(TEST_HOST)";
				INFOPLIST_FILE = TableViewHeaderEnlardeTests/Info.plist;
				LD_RUNPATH_SEARCH_PATHS = "$(inherited) @executable_path/Frameworks @loader_path/Frameworks";
				PRODUCT_BUNDLE_IDENTIFIER = TSX.TableViewHeaderEnlardeTests;
				PRODUCT_NAME = "$(TARGET_NAME)";
				TEST_HOST = "$(BUILT_PRODUCTS_DIR)/TableViewHeaderEnlarde.app/TableViewHeaderEnlarde";
			};
			name = Release;
		};
		98E1E46A1E70FD1000F07C99 /* Debug */ = {
			isa = XCBuildConfiguration;
			buildSettings = {
				INFOPLIST_FILE = TableViewHeaderEnlardeUITests/Info.plist;
				LD_RUNPATH_SEARCH_PATHS = "$(inherited) @executable_path/Frameworks @loader_path/Frameworks";
				PRODUCT_BUNDLE_IDENTIFIER = TSX.TableViewHeaderEnlardeUITests;
				PRODUCT_NAME = "$(TARGET_NAME)";
				TEST_TARGET_NAME = TableViewHeaderEnlarde;
			};
			name = Debug;
		};
		98E1E46B1E70FD1000F07C99 /* Release */ = {
			isa = XCBuildConfiguration;
			buildSettings = {
				INFOPLIST_FILE = TableViewHeaderEnlardeUITests/Info.plist;
				LD_RUNPATH_SEARCH_PATHS = "$(inherited) @executable_path/Frameworks @loader_path/Frameworks";
				PRODUCT_BUNDLE_IDENTIFIER = TSX.TableViewHeaderEnlardeUITests;
				PRODUCT_NAME = "$(TARGET_NAME)";
				TEST_TARGET_NAME = TableViewHeaderEnlarde;
			};
			name = Release;
		};
/* End XCBuildConfiguration section */

/* Begin XCConfigurationList section */
		98E1E4311E70FD0F00F07C99 /* Build configuration list for PBXProject "TableViewHeaderEnlarde" */ = {
			isa = XCConfigurationList;
			buildConfigurations = (
				98E1E4611E70FD1000F07C99 /* Debug */,
				98E1E4621E70FD1000F07C99 /* Release */,
			);
			defaultConfigurationIsVisible = 0;
			defaultConfigurationName = Release;
		};
		98E1E4631E70FD1000F07C99 /* Build configuration list for PBXNativeTarget "TableViewHeaderEnlarde" */ = {
			isa = XCConfigurationList;
			buildConfigurations = (
				98E1E4641E70FD1000F07C99 /* Debug */,
				98E1E4651E70FD1000F07C99 /* Release */,
			);
			defaultConfigurationIsVisible = 0;
		};
		98E1E4661E70FD1000F07C99 /* Build configuration list for PBXNativeTarget "TableViewHeaderEnlardeTests" */ = {
			isa = XCConfigurationList;
			buildConfigurations = (
				98E1E4671E70FD1000F07C99 /* Debug */,
				98E1E4681E70FD1000F07C99 /* Release */,
			);
			defaultConfigurationIsVisible = 0;
		};
		98E1E4691E70FD1000F07C99 /* Build configuration list for PBXNativeTarget "TableViewHeaderEnlardeUITests" */ = {
			isa = XCConfigurationList;
			buildConfigurations = (
				98E1E46A1E70FD1000F07C99 /* Debug */,
				98E1E46B1E70FD1000F07C99 /* Release */,
			);
			defaultConfigurationIsVisible = 0;
		};
/* End XCConfigurationList section */
	};
	rootObject = 98E1E42E1E70FD0F00F07C99 /* Project object */;
}
